{
    "_meta": {
        "hash": {
            "sha256": "2d08ae5d11fc96e7c1d1e71515438844822257f3bda47143d638c81cf664b6f1"
        },
        "pipfile-spec": 6,
        "requires": {
            "python_version": "3.9"
        },
        "sources": [
            {
                "name": "pypi",
                "url": "https://pypi.org/simple",
                "verify_ssl": true
            }
        ]
    },
    "default": {
        "ftputil": {
            "hashes": [
                "sha256:e9e62d3fd307ef9c52e43b33fd92759fc94c04d8b5178f85f641b183906d4353"
            ],
            "index": "pypi",
            "markers": "python_version >= '3.6'",
            "version": "==5.1.0"
        },
        "termcolor": {
            "hashes": [
                "sha256:9297c0df9c99445c2412e832e882a7884038a25617c60cea2ad69488d4040d63",
                "sha256:aab9e56047c8ac41ed798fa36d892a37aca6b3e9159f3e0c24bc64a9b3ac7b7a"
            ],
            "index": "pypi",
            "markers": "python_version >= '3.8'",
            "version": "==2.4.0"
        }
    },
    "develop": {}
}
